<?xml version="1.0" encoding="UTF-8" standalone="yes" ?>
<CodeBlocks_project_file>
	<FileVersion major="1" minor="6" />
	<Project>
		<Option title="STU" />
		<Option makefile="makefile" />
		<Option execution_dir="." />
		<Option pch_mode="2" />
		<Option compiler="gcc" />
		<Option virtualFolders="SceneManagement\;Core Systems\;Helpers\Logger\;Networking\;Helpers\Encryption\;Networking\Message\;Helpers\;Data Structures\;SceneManagement\Scenes\;SceneManagement\Scenes\Options\;SceneManagement\Scenes\MainMenu\;SceneManagement\Scenes\Lobby\;SceneManagement\Scenes\Game\;SceneManagement\Scenes\ServerConnection\;Networking\Message\Empty\;SceneManagement\Scenes\Change Username\;Networking\Message\Lobby\;Networking\Message\Lobby\DisplayNameUpdate\;Networking\Message\Lobby\Fetch All\;Networking\Message\Lobby\Game Lobby Status Update\;Networking\Message\Lobby\Game Lobby Update\;Entities\;Entities\Player\;Entities\Relic\;Entities\Bullet\;Networking\Message\Lobby\Start Game\;" />
		<Build>
			<Target title="Linux">
				<Option platforms="Unix;Mac;" />
				<Option output="bin/Linux/DefendTheRelic" prefix_auto="1" extension_auto="1" />
				<Option object_output="obj/Linux/" />
				<Option type="1" />
				<Option compiler="gcc" />
				<Option projectLinkerOptionsRelation="1" />
				<Compiler>
					<Add option="-std=c++11" />
					<Add option="-g" />
					<Add directory="Linux/Cryptopp/include" />
					<Add directory="/usr/local/SFML-2.2/include" />
					<Add directory="Linux/TGUI/include" />
					<Add directory="include" />
				</Compiler>
				<Linker>
					<Add library="/usr/local/SFML-2.2/lib/libsfml-audio.so" />
					<Add library="/usr/local/SFML-2.2/lib/libsfml-graphics.so" />
					<Add library="/usr/local/SFML-2.2/lib/libsfml-window.so" />
					<Add library="/usr/local/SFML-2.2/lib/libsfml-network.so" />
					<Add library="/usr/local/SFML-2.2/lib/libsfml-system.so" />
					<Add library="Linux/libjpeg.so.8.4.0" />
					<Add library="Linux/TGUI/libtgui.so" />
					<Add library="Linux/Cryptopp/lib/libcryptopp.so" />
					<Add directory="Linux/Cryptopp/lib" />
					<Add directory="/usr/local/SFML-2.2/lib" />
					<Add directory="Linux/TGUI" />
					<Add directory="Linux" />
				</Linker>
			</Target>
			<Target title="Windows-Relese-Dynamic">
				<Option platforms="Windows;" />
				<Option output="bin/Windows/relase-dynamic/DefendTheRelic" prefix_auto="1" extension_auto="1" />
				<Option object_output="obj/Windows/relase-dynamic" />
				<Option type="1" />
				<Option compiler="gcc" />
				<Option projectLinkerOptionsRelation="1" />
				<Compiler>
					<Add option="-std=c++11" />
					<Add directory="Windows/Cryptopp/include" />
					<Add directory="Windows/SFML/include" />
					<Add directory="Windows/TGUI/include" />
					<Add directory="include" />
				</Compiler>
				<Linker>
					<Add option="-O3" />
					<Add library="sfml-network" />
					<Add library="sfml-audio" />
					<Add library="sfml-graphics" />
					<Add library="sfml-window" />
					<Add library="sfml-system" />
					<Add library="opengl32" />
					<Add library="freetype" />
					<Add library="jpeg" />
					<Add library="tgui" />
					<Add library="libcryptopp" />
					<Add directory="Windows/Cryptopp/lib" />
					<Add directory="Windows/SFML/lib" />
					<Add directory="Windows/SFML/bin" />
					<Add directory="Windows/TGUI/bin" />
					<Add directory="Windows/TGUI/lib" />
				</Linker>
			</Target>
			<Target title="Windows-Debug-Dyamic">
				<Option platforms="Windows;" />
				<Option output="bin/Windows/debug-dynamic/DefendTheRelic" prefix_auto="1" extension_auto="1" />
				<Option object_output="obj/Windows/debug-dynamic" />
				<Option type="1" />
				<Option compiler="gcc" />
				<Option projectLinkerOptionsRelation="1" />
				<Compiler>
					<Add option="-std=c++11" />
					<Add option="-g" />
					<Add directory="Windows/Cryptopp/include" />
					<Add directory="Windows/SFML/include" />
					<Add directory="Windows/TGUI/include" />
					<Add directory="include" />
				</Compiler>
				<Linker>
					<Add library="sfml-network-d" />
					<Add library="sfml-audio-d" />
					<Add library="sfml-graphics-d" />
					<Add library="sfml-window-d" />
					<Add library="sfml-system-d" />
					<Add library="opengl32" />
					<Add library="freetype" />
					<Add library="jpeg" />
					<Add library="tgui-d" />
					<Add library="libcryptopp" />
					<Add directory="Windows/Cryptopp/lib" />
					<Add directory="Windows/SFML/lib" />
					<Add directory="Windows/SFML/bin" />
					<Add directory="Windows/TGUI/lib" />
					<Add directory="Windows/TGUI/bin" />
				</Linker>
			</Target>
			<Target title="Windows-Debug-Static">
				<Option platforms="Windows;" />
				<Option output="bin/Windows/debug-static/DefendTheRelic" prefix_auto="1" extension_auto="1" />
				<Option object_output="obj/Windows/debug-static" />
				<Option type="1" />
				<Option compiler="gcc" />
				<Option projectLinkerOptionsRelation="1" />
				<Compiler>
					<Add option="-std=c++11" />
					<Add option="-g" />
					<Add directory="Windows/Cryptopp/include" />
					<Add directory="Windows/SFML/include" />
					<Add directory="Windows/TGUI/include" />
					<Add directory="include" />
				</Compiler>
				<Linker>
					<Add option="-static" />
					<Add library="sfml-network-d" />
					<Add library="sfml-audio-d" />
					<Add library="sfml-graphics-d" />
					<Add library="sfml-window-d" />
					<Add library="sfml-system-d" />
					<Add library="opengl32" />
					<Add library="freetype" />
					<Add library="jpeg" />
					<Add library="tgui-d" />
					<Add library="libcryptopp" />
					<Add directory="Windows/Cryptopp/lib" />
					<Add directory="Windows/SFML/lib" />
					<Add directory="Windows/SFML/bin" />
					<Add directory="Windows/TGUI/lib" />
					<Add directory="Windows/TGUI/bin" />
				</Linker>
			</Target>
			<Target title="Windows-Relese-Static">
				<Option platforms="Windows;" />
				<Option output="bin/Windows/release-static/DefendTheRelic" prefix_auto="1" extension_auto="1" />
				<Option object_output="obj/Windows/release-static" />
				<Option type="1" />
				<Option compiler="gcc" />
				<Option projectLinkerOptionsRelation="1" />
				<Compiler>
					<Add option="-std=c++11" />
					<Add directory="Windows/Cryptopp/include" />
					<Add directory="Windows/SFML/include" />
					<Add directory="Windows/TGUI/include" />
					<Add directory="include" />
				</Compiler>
				<Linker>
					<Add option="-O3" />
					<Add option="-static" />
					<Add library="sfml-network" />
					<Add library="sfml-audio" />
					<Add library="sfml-graphics" />
					<Add library="sfml-window" />
					<Add library="sfml-system" />
					<Add library="opengl32" />
					<Add library="freetype" />
					<Add library="jpeg" />
					<Add library="tgui" />
					<Add library="libcryptopp" />
					<Add directory="Windows/Cryptopp/lib" />
					<Add directory="Windows/SFML/lib" />
					<Add directory="Windows/SFML/bin" />
					<Add directory="Windows/TGUI/lib" />
					<Add directory="Windows/TGUI/bin" />
				</Linker>
			</Target>
		</Build>
		<Compiler>
			<Add option="-Wall" />
			<Add option="-std=c++11" />
			<Add option="-std=c++1y" />
			<Add option="-fexceptions" />
		</Compiler>
		<Unit filename="include/AESHelper.hpp">
			<Option virtualFolder="Helpers/Encryption/" />
		</Unit>
		<Unit filename="include/Base64Helper.hpp">
			<Option virtualFolder="Helpers/Encryption/" />
		</Unit>
		<Unit filename="include/BulletEntity.hpp">
			<Option virtualFolder="Entities/Bullet/" />
		</Unit>
		<Unit filename="include/ChangeDisplayNameScene.hpp">
			<Option virtualFolder="SceneManagement/Scenes/Change Username/" />
		</Unit>
		<Unit filename="include/ConcurrentQueue.hpp">
			<Option virtualFolder="Data Structures/" />
		</Unit>
		<Unit filename="include/ConnectToOnlineServer.hpp">
			<Option virtualFolder="SceneManagement/Scenes/ServerConnection/" />
		</Unit>
		<Unit filename="include/ConnectingToServerScene.h">
			<Option virtualFolder="SceneManagement/Scenes/ServerConnection/" />
		</Unit>
		<Unit filename="include/DisplayNameUpdate.hpp">
			<Option virtualFolder="Networking/Message/Lobby/DisplayNameUpdate/" />
		</Unit>
		<Unit filename="include/EmptyNetMessage.hpp">
			<Option virtualFolder="Networking/Message/Empty/" />
		</Unit>
		<Unit filename="include/Entity.hpp">
			<Option virtualFolder="Entities/" />
		</Unit>
		<Unit filename="include/FetchLobbyList.hpp">
			<Option virtualFolder="Networking/Message/Lobby/Fetch All/" />
		</Unit>
		<Unit filename="include/GameEngine.hpp">
			<Option virtualFolder="Core Systems/" />
		</Unit>
		<Unit filename="include/GameLobbyStatusChangedNetMessage.h">
			<Option virtualFolder="Networking/Message/Lobby/Game Lobby Status Update/" />
		</Unit>
		<Unit filename="include/GameLobbyUpdateNetMessage.hpp">
			<Option virtualFolder="Networking/Message/Lobby/Game Lobby Update/" />
		</Unit>
		<Unit filename="include/GameScene.hpp">
			<Option virtualFolder="SceneManagement/Scenes/Game/" />
		</Unit>
		<Unit filename="include/GlobalLobbyScene.hpp">
			<Option virtualFolder="SceneManagement/Scenes/Lobby/" />
		</Unit>
		<Unit filename="include/Logger.hpp">
			<Option virtualFolder="Helpers/Logger/" />
		</Unit>
		<Unit filename="include/MainMenuScene.hpp">
			<Option virtualFolder="SceneManagement/Scenes/MainMenu/" />
		</Unit>
		<Unit filename="include/NetMessage.hpp">
			<Option virtualFolder="Networking/Message/" />
		</Unit>
		<Unit filename="include/Network.h">
			<Option virtualFolder="Networking/" />
		</Unit>
		<Unit filename="include/OptionsScene.hpp">
			<Option virtualFolder="SceneManagement/Scenes/Options/" />
		</Unit>
		<Unit filename="include/PickUpEntity.hpp" />
		<Unit filename="include/PlayerEntity.hpp">
			<Option virtualFolder="Entities/Player/" />
		</Unit>
		<Unit filename="include/PlayerPosUpdateNetMessage.hpp" />
		<Unit filename="include/RSAHelper.hpp">
			<Option virtualFolder="Helpers/Encryption/" />
		</Unit>
		<Unit filename="include/RelicEntity.hpp">
			<Option virtualFolder="Entities/Relic/" />
		</Unit>
		<Unit filename="include/Scene.hpp">
			<Option virtualFolder="SceneManagement/" />
		</Unit>
		<Unit filename="include/SceneManager.hpp">
			<Option virtualFolder="Core Systems/" />
		</Unit>
		<Unit filename="include/StartGameNetMessage.hpp">
			<Option virtualFolder="Networking/Message/Lobby/Start Game/" />
		</Unit>
		<Unit filename="include/StringHelpers.hpp">
			<Option virtualFolder="Helpers/" />
		</Unit>
		<Unit filename="include/TextureManager.hpp">
			<Option virtualFolder="Core Systems/" />
		</Unit>
		<Unit filename="main.cpp" />
		<Unit filename="src/AESHelper.cpp">
			<Option virtualFolder="Helpers/Encryption/" />
		</Unit>
		<Unit filename="src/Base64Helper.cpp">
			<Option virtualFolder="Helpers/Encryption/" />
		</Unit>
		<Unit filename="src/BulletEntity.cpp">
			<Option virtualFolder="Entities/Bullet/" />
		</Unit>
		<Unit filename="src/ChangeDisplayNameScene.cpp">
			<Option virtualFolder="SceneManagement/Scenes/Change Username/" />
		</Unit>
		<Unit filename="src/ConnectToOnlineServer.cpp">
			<Option virtualFolder="SceneManagement/Scenes/ServerConnection/" />
		</Unit>
		<Unit filename="src/ConnectingToServerScene.cpp">
			<Option virtualFolder="SceneManagement/Scenes/ServerConnection/" />
		</Unit>
		<Unit filename="src/DisplayNameUpdate.cpp">
			<Option virtualFolder="Networking/Message/Lobby/DisplayNameUpdate/" />
		</Unit>
		<Unit filename="src/EmptyNetMessage.cpp">
			<Option virtualFolder="Networking/Message/Empty/" />
		</Unit>
		<Unit filename="src/Entity.cpp">
			<Option virtualFolder="Entities/" />
		</Unit>
		<Unit filename="src/FetchLobbyList.cpp">
			<Option virtualFolder="Networking/Message/Lobby/Fetch All/" />
		</Unit>
		<Unit filename="src/GameEngine.cpp">
			<Option virtualFolder="Core Systems/" />
		</Unit>
		<Unit filename="src/GameLobbyStatusChangedNetMessage.cpp">
			<Option virtualFolder="Networking/Message/Lobby/Game Lobby Status Update/" />
		</Unit>
		<Unit filename="src/GameLobbyUpdateNetMessage.cpp">
			<Option virtualFolder="Networking/Message/Lobby/Game Lobby Update/" />
		</Unit>
		<Unit filename="src/GameScene.cpp">
			<Option virtualFolder="SceneManagement/Scenes/Game/" />
		</Unit>
		<Unit filename="src/GlobalLobbyScene.cpp">
			<Option virtualFolder="SceneManagement/Scenes/Lobby/" />
		</Unit>
		<Unit filename="src/Logger.cpp">
			<Option virtualFolder="Helpers/Logger/" />
		</Unit>
		<Unit filename="src/MainMenuScene.cpp">
			<Option virtualFolder="SceneManagement/Scenes/MainMenu/" />
		</Unit>
		<Unit filename="src/NetMessage.cpp">
			<Option virtualFolder="Networking/Message/" />
		</Unit>
		<Unit filename="src/Network.cpp">
			<Option virtualFolder="Networking/" />
		</Unit>
		<Unit filename="src/OptionsScene.cpp">
			<Option virtualFolder="SceneManagement/Scenes/Options/" />
		</Unit>
		<Unit filename="src/PickUpEntity.cpp" />
		<Unit filename="src/PlayerEntity.cpp">
			<Option virtualFolder="Entities/Player/" />
		</Unit>
		<Unit filename="src/PlayerPosUpdateNetMessage.cpp" />
		<Unit filename="src/RSAHelper.cpp">
			<Option virtualFolder="Helpers/Encryption/" />
		</Unit>
		<Unit filename="src/RelicEntity.cpp">
			<Option virtualFolder="Entities/Relic/" />
		</Unit>
		<Unit filename="src/Scene.cpp">
			<Option virtualFolder="SceneManagement/" />
		</Unit>
		<Unit filename="src/SceneManager.cpp">
			<Option virtualFolder="Core Systems/" />
		</Unit>
		<Unit filename="src/StartGameNetMessage.cpp">
			<Option virtualFolder="Networking/Message/Lobby/Start Game/" />
		</Unit>
		<Unit filename="src/TextureManager.cpp">
			<Option virtualFolder="Core Systems/" />
		</Unit>
		<Extensions>
			<code_completion />
			<debugger />
			<envvars />
			<AutoVersioning>
				<Scheme minor_max="10" build_max="0" rev_max="0" rev_rand_max="10" build_times_to_increment_minor="100" />
				<Settings autoincrement="1" date_declarations="1" use_define="0" update_manifest="0" do_auto_increment="0" ask_to_increment="0" language="C++" svn="0" svn_directory="" header_path="version.h" />
				<Changes_Log show_changes_editor="0" app_title="released version %M.%m.%b of %p" changeslog_path="ChangesLog.txt" />
				<Code header_guard="VERSION_H" namespace="AutoVersion" prefix="" />
			</AutoVersioning>
		</Extensions>
	</Project>
</CodeBlocks_project_file>
